
Microsoft Visual Studio Solution File, Format Version 12.00
# Visual Studio Version 16
VisualStudioVersion = 16.0.30204.135
MinimumVisualStudioVersion = 10.0.40219.1
Project("{8BC9CEB8-8B4A-11D0-8D11-00A0C91BC942}") = "DuiDemo", "DuiDemo\DuiDemo.vcxproj", "{26EB8703-A2EA-4445-8A57-E943A743ABA7}"
EndProject
Project("{8BC9CEB8-8B4A-11D0-8D11-00A0C91BC942}") = "DuiVision.2019", "DuiVision\DuiVision.2019.vcxproj", "{956C8DD0-B286-44FE-B190-7C3666CB6645}"
EndProject
Project("{8BC9CEB8-8B4A-11D0-8D11-00A0C91BC942}") = "liblz4", "lz4-1.9.2\liblz4.vcxproj", "{9092C5CC-3E71-41B3-BF68-4A7BDD8A5476}"
EndProject
Project("{8BC9CEB8-8B4A-11D0-8D11-00A0C91BC942}") = "zlib", "zlib\zlib.vcxproj", "{E665FBC8-E9F2-34F1-BD0F-7CE58FB4A358}"
EndProject
Project("{8BC9CEB8-8B4A-11D0-8D11-00A0C91BC942}") = "zlibstatic", "zlib\zlibstatic.vcxproj", "{60B3775D-C754-39F6-A460-8BF344B42E38}"
EndProject
Project("{2150E333-8FDC-42A3-9474-1A3956D46DE8}") = "zip", "zip", "{2147BD68-E7A4-468E-B782-73EAD68F7B09}"
EndProject
Project("{8BC9CEB8-8B4A-11D0-8D11-00A0C91BC942}") = "lz4c", "lz4c\lz4c.vcxproj", "{6FC76CE8-C1BE-4756-8EE0-FD449D325FE8}"
EndProject
Project("{8BC9CEB8-8B4A-11D0-8D11-00A0C91BC942}") = "MyMFC", "MyMFC\MyMFC.vcxproj", "{77549991-7983-42C6-B179-098CB8814BE3}"
EndProject
Global
	GlobalSection(SolutionConfigurationPlatforms) = preSolution
		Debug|Win32 = Debug|Win32
		Debug|x64 = Debug|x64
		Debug|x86 = Debug|x86
		DebugMulti|Win32 = DebugMulti|Win32
		DebugMulti|x64 = DebugMulti|x64
		DebugMulti|x86 = DebugMulti|x86
		MinSizeRel|Win32 = MinSizeRel|Win32
		MinSizeRel|x64 = MinSizeRel|x64
		MinSizeRel|x86 = MinSizeRel|x86
		Release|Win32 = Release|Win32
		Release|x64 = Release|x64
		Release|x86 = Release|x86
		ReleaseMulti|Win32 = ReleaseMulti|Win32
		ReleaseMulti|x64 = ReleaseMulti|x64
		ReleaseMulti|x86 = ReleaseMulti|x86
		Release-StaticMFC|Win32 = Release-StaticMFC|Win32
		Release-StaticMFC|x64 = Release-StaticMFC|x64
		Release-StaticMFC|x86 = Release-StaticMFC|x86
		RelWithDebInfo|Win32 = RelWithDebInfo|Win32
		RelWithDebInfo|x64 = RelWithDebInfo|x64
		RelWithDebInfo|x86 = RelWithDebInfo|x86
	EndGlobalSection
	GlobalSection(ProjectConfigurationPlatforms) = postSolution
		{26EB8703-A2EA-4445-8A57-E943A743ABA7}.Debug|Win32.ActiveCfg = Debug|Win32
		{26EB8703-A2EA-4445-8A57-E943A743ABA7}.Debug|Win32.Build.0 = Debug|Win32
		{26EB8703-A2EA-4445-8A57-E943A743ABA7}.Debug|x64.ActiveCfg = Debug|x64
		{26EB8703-A2EA-4445-8A57-E943A743ABA7}.Debug|x64.Build.0 = Debug|x64
		{26EB8703-A2EA-4445-8A57-E943A743ABA7}.Debug|x86.ActiveCfg = Debug|Win32
		{26EB8703-A2EA-4445-8A57-E943A743ABA7}.Debug|x86.Build.0 = Debug|Win32
		{26EB8703-A2EA-4445-8A57-E943A743ABA7}.DebugMulti|Win32.ActiveCfg = Debug|Win32
		{26EB8703-A2EA-4445-8A57-E943A743ABA7}.DebugMulti|Win32.Build.0 = Debug|Win32
		{26EB8703-A2EA-4445-8A57-E943A743ABA7}.DebugMulti|x64.ActiveCfg = Debug|x64
		{26EB8703-A2EA-4445-8A57-E943A743ABA7}.DebugMulti|x64.Build.0 = Debug|x64
		{26EB8703-A2EA-4445-8A57-E943A743ABA7}.DebugMulti|x86.ActiveCfg = Debug|Win32
		{26EB8703-A2EA-4445-8A57-E943A743ABA7}.DebugMulti|x86.Build.0 = Debug|Win32
		{26EB8703-A2EA-4445-8A57-E943A743ABA7}.MinSizeRel|Win32.ActiveCfg = Release|Win32
		{26EB8703-A2EA-4445-8A57-E943A743ABA7}.MinSizeRel|Win32.Build.0 = Release|Win32
		{26EB8703-A2EA-4445-8A57-E943A743ABA7}.MinSizeRel|x64.ActiveCfg = Release|x64
		{26EB8703-A2EA-4445-8A57-E943A743ABA7}.MinSizeRel|x64.Build.0 = Release|x64
		{26EB8703-A2EA-4445-8A57-E943A743ABA7}.MinSizeRel|x86.ActiveCfg = Release|Win32
		{26EB8703-A2EA-4445-8A57-E943A743ABA7}.MinSizeRel|x86.Build.0 = Release|Win32
		{26EB8703-A2EA-4445-8A57-E943A743ABA7}.Release|Win32.ActiveCfg = Release|Win32
		{26EB8703-A2EA-4445-8A57-E943A743ABA7}.Release|Win32.Build.0 = Release|Win32
		{26EB8703-A2EA-4445-8A57-E943A743ABA7}.Release|x64.ActiveCfg = Release|x64
		{26EB8703-A2EA-4445-8A57-E943A743ABA7}.Release|x64.Build.0 = Release|x64
		{26EB8703-A2EA-4445-8A57-E943A743ABA7}.Release|x86.ActiveCfg = Release|Win32
		{26EB8703-A2EA-4445-8A57-E943A743ABA7}.Release|x86.Build.0 = Release|Win32
		{26EB8703-A2EA-4445-8A57-E943A743ABA7}.ReleaseMulti|Win32.ActiveCfg = Release|Win32
		{26EB8703-A2EA-4445-8A57-E943A743ABA7}.ReleaseMulti|Win32.Build.0 = Release|Win32
		{26EB8703-A2EA-4445-8A57-E943A743ABA7}.ReleaseMulti|x64.ActiveCfg = Release|x64
		{26EB8703-A2EA-4445-8A57-E943A743ABA7}.ReleaseMulti|x64.Build.0 = Release|x64
		{26EB8703-A2EA-4445-8A57-E943A743ABA7}.ReleaseMulti|x86.ActiveCfg = Release|Win32
		{26EB8703-A2EA-4445-8A57-E943A743ABA7}.ReleaseMulti|x86.Build.0 = Release|Win32
		{26EB8703-A2EA-4445-8A57-E943A743ABA7}.Release-StaticMFC|Win32.ActiveCfg = Release|Win32
		{26EB8703-A2EA-4445-8A57-E943A743ABA7}.Release-StaticMFC|Win32.Build.0 = Release|Win32
		{26EB8703-A2EA-4445-8A57-E943A743ABA7}.Release-StaticMFC|x64.ActiveCfg = Release|x64
		{26EB8703-A2EA-4445-8A57-E943A743ABA7}.Release-StaticMFC|x64.Build.0 = Release|x64
		{26EB8703-A2EA-4445-8A57-E943A743ABA7}.Release-StaticMFC|x86.ActiveCfg = Release|Win32
		{26EB8703-A2EA-4445-8A57-E943A743ABA7}.Release-StaticMFC|x86.Build.0 = Release|Win32
		{26EB8703-A2EA-4445-8A57-E943A743ABA7}.RelWithDebInfo|Win32.ActiveCfg = Release|Win32
		{26EB8703-A2EA-4445-8A57-E943A743ABA7}.RelWithDebInfo|Win32.Build.0 = Release|Win32
		{26EB8703-A2EA-4445-8A57-E943A743ABA7}.RelWithDebInfo|x64.ActiveCfg = Release|x64
		{26EB8703-A2EA-4445-8A57-E943A743ABA7}.RelWithDebInfo|x64.Build.0 = Release|x64
		{26EB8703-A2EA-4445-8A57-E943A743ABA7}.RelWithDebInfo|x86.ActiveCfg = Release|Win32
		{26EB8703-A2EA-4445-8A57-E943A743ABA7}.RelWithDebInfo|x86.Build.0 = Release|Win32
		{956C8DD0-B286-44FE-B190-7C3666CB6645}.Debug|Win32.ActiveCfg = Debug|Win32
		{956C8DD0-B286-44FE-B190-7C3666CB6645}.Debug|Win32.Build.0 = Debug|Win32
		{956C8DD0-B286-44FE-B190-7C3666CB6645}.Debug|x64.ActiveCfg = Debug|Win32
		{956C8DD0-B286-44FE-B190-7C3666CB6645}.Debug|x86.ActiveCfg = Debug|Win32
		{956C8DD0-B286-44FE-B190-7C3666CB6645}.Debug|x86.Build.0 = Debug|Win32
		{956C8DD0-B286-44FE-B190-7C3666CB6645}.DebugMulti|Win32.ActiveCfg = DebugMulti|Win32
		{956C8DD0-B286-44FE-B190-7C3666CB6645}.DebugMulti|Win32.Build.0 = DebugMulti|Win32
		{956C8DD0-B286-44FE-B190-7C3666CB6645}.DebugMulti|x64.ActiveCfg = DebugMulti|Win32
		{956C8DD0-B286-44FE-B190-7C3666CB6645}.DebugMulti|x86.ActiveCfg = DebugMulti|Win32
		{956C8DD0-B286-44FE-B190-7C3666CB6645}.DebugMulti|x86.Build.0 = DebugMulti|Win32
		{956C8DD0-B286-44FE-B190-7C3666CB6645}.MinSizeRel|Win32.ActiveCfg = Release|Win32
		{956C8DD0-B286-44FE-B190-7C3666CB6645}.MinSizeRel|Win32.Build.0 = Release|Win32
		{956C8DD0-B286-44FE-B190-7C3666CB6645}.MinSizeRel|x64.ActiveCfg = Release|Win32
		{956C8DD0-B286-44FE-B190-7C3666CB6645}.MinSizeRel|x64.Build.0 = Release|Win32
		{956C8DD0-B286-44FE-B190-7C3666CB6645}.MinSizeRel|x86.ActiveCfg = Release|Win32
		{956C8DD0-B286-44FE-B190-7C3666CB6645}.MinSizeRel|x86.Build.0 = Release|Win32
		{956C8DD0-B286-44FE-B190-7C3666CB6645}.Release|Win32.ActiveCfg = Release|Win32
		{956C8DD0-B286-44FE-B190-7C3666CB6645}.Release|Win32.Build.0 = Release|Win32
		{956C8DD0-B286-44FE-B190-7C3666CB6645}.Release|x64.ActiveCfg = Release|Win32
		{956C8DD0-B286-44FE-B190-7C3666CB6645}.Release|x86.ActiveCfg = Release|Win32
		{956C8DD0-B286-44FE-B190-7C3666CB6645}.Release|x86.Build.0 = Release|Win32
		{956C8DD0-B286-44FE-B190-7C3666CB6645}.ReleaseMulti|Win32.ActiveCfg = ReleaseMulti|Win32
		{956C8DD0-B286-44FE-B190-7C3666CB6645}.ReleaseMulti|Win32.Build.0 = ReleaseMulti|Win32
		{956C8DD0-B286-44FE-B190-7C3666CB6645}.ReleaseMulti|x64.ActiveCfg = ReleaseMulti|Win32
		{956C8DD0-B286-44FE-B190-7C3666CB6645}.ReleaseMulti|x86.ActiveCfg = ReleaseMulti|Win32
		{956C8DD0-B286-44FE-B190-7C3666CB6645}.ReleaseMulti|x86.Build.0 = ReleaseMulti|Win32
		{956C8DD0-B286-44FE-B190-7C3666CB6645}.Release-StaticMFC|Win32.ActiveCfg = Release-StaticMFC|Win32
		{956C8DD0-B286-44FE-B190-7C3666CB6645}.Release-StaticMFC|Win32.Build.0 = Release-StaticMFC|Win32
		{956C8DD0-B286-44FE-B190-7C3666CB6645}.Release-StaticMFC|x64.ActiveCfg = Release-StaticMFC|Win32
		{956C8DD0-B286-44FE-B190-7C3666CB6645}.Release-StaticMFC|x86.ActiveCfg = Release-StaticMFC|Win32
		{956C8DD0-B286-44FE-B190-7C3666CB6645}.Release-StaticMFC|x86.Build.0 = Release-StaticMFC|Win32
		{956C8DD0-B286-44FE-B190-7C3666CB6645}.RelWithDebInfo|Win32.ActiveCfg = Release|Win32
		{956C8DD0-B286-44FE-B190-7C3666CB6645}.RelWithDebInfo|Win32.Build.0 = Release|Win32
		{956C8DD0-B286-44FE-B190-7C3666CB6645}.RelWithDebInfo|x64.ActiveCfg = Release|Win32
		{956C8DD0-B286-44FE-B190-7C3666CB6645}.RelWithDebInfo|x64.Build.0 = Release|Win32
		{956C8DD0-B286-44FE-B190-7C3666CB6645}.RelWithDebInfo|x86.ActiveCfg = Release|Win32
		{956C8DD0-B286-44FE-B190-7C3666CB6645}.RelWithDebInfo|x86.Build.0 = Release|Win32
		{9092C5CC-3E71-41B3-BF68-4A7BDD8A5476}.Debug|Win32.ActiveCfg = Debug|Win32
		{9092C5CC-3E71-41B3-BF68-4A7BDD8A5476}.Debug|Win32.Build.0 = Debug|Win32
		{9092C5CC-3E71-41B3-BF68-4A7BDD8A5476}.Debug|x64.ActiveCfg = Debug|x64
		{9092C5CC-3E71-41B3-BF68-4A7BDD8A5476}.Debug|x64.Build.0 = Debug|x64
		{9092C5CC-3E71-41B3-BF68-4A7BDD8A5476}.Debug|x86.ActiveCfg = Debug|Win32
		{9092C5CC-3E71-41B3-BF68-4A7BDD8A5476}.Debug|x86.Build.0 = Debug|Win32
		{9092C5CC-3E71-41B3-BF68-4A7BDD8A5476}.DebugMulti|Win32.ActiveCfg = Debug|Win32
		{9092C5CC-3E71-41B3-BF68-4A7BDD8A5476}.DebugMulti|Win32.Build.0 = Debug|Win32
		{9092C5CC-3E71-41B3-BF68-4A7BDD8A5476}.DebugMulti|x64.ActiveCfg = Debug|x64
		{9092C5CC-3E71-41B3-BF68-4A7BDD8A5476}.DebugMulti|x64.Build.0 = Debug|x64
		{9092C5CC-3E71-41B3-BF68-4A7BDD8A5476}.DebugMulti|x86.ActiveCfg = Debug|Win32
		{9092C5CC-3E71-41B3-BF68-4A7BDD8A5476}.DebugMulti|x86.Build.0 = Debug|Win32
		{9092C5CC-3E71-41B3-BF68-4A7BDD8A5476}.MinSizeRel|Win32.ActiveCfg = Release|Win32
		{9092C5CC-3E71-41B3-BF68-4A7BDD8A5476}.MinSizeRel|Win32.Build.0 = Release|Win32
		{9092C5CC-3E71-41B3-BF68-4A7BDD8A5476}.MinSizeRel|x64.ActiveCfg = Release|x64
		{9092C5CC-3E71-41B3-BF68-4A7BDD8A5476}.MinSizeRel|x64.Build.0 = Release|x64
		{9092C5CC-3E71-41B3-BF68-4A7BDD8A5476}.MinSizeRel|x86.ActiveCfg = Release|Win32
		{9092C5CC-3E71-41B3-BF68-4A7BDD8A5476}.MinSizeRel|x86.Build.0 = Release|Win32
		{9092C5CC-3E71-41B3-BF68-4A7BDD8A5476}.Release|Win32.ActiveCfg = Release|Win32
		{9092C5CC-3E71-41B3-BF68-4A7BDD8A5476}.Release|Win32.Build.0 = Release|Win32
		{9092C5CC-3E71-41B3-BF68-4A7BDD8A5476}.Release|x64.ActiveCfg = Release|x64
		{9092C5CC-3E71-41B3-BF68-4A7BDD8A5476}.Release|x64.Build.0 = Release|x64
		{9092C5CC-3E71-41B3-BF68-4A7BDD8A5476}.Release|x86.ActiveCfg = Release|Win32
		{9092C5CC-3E71-41B3-BF68-4A7BDD8A5476}.Release|x86.Build.0 = Release|Win32
		{9092C5CC-3E71-41B3-BF68-4A7BDD8A5476}.ReleaseMulti|Win32.ActiveCfg = Release|Win32
		{9092C5CC-3E71-41B3-BF68-4A7BDD8A5476}.ReleaseMulti|Win32.Build.0 = Release|Win32
		{9092C5CC-3E71-41B3-BF68-4A7BDD8A5476}.ReleaseMulti|x64.ActiveCfg = Release|x64
		{9092C5CC-3E71-41B3-BF68-4A7BDD8A5476}.ReleaseMulti|x64.Build.0 = Release|x64
		{9092C5CC-3E71-41B3-BF68-4A7BDD8A5476}.ReleaseMulti|x86.ActiveCfg = Release|Win32
		{9092C5CC-3E71-41B3-BF68-4A7BDD8A5476}.ReleaseMulti|x86.Build.0 = Release|Win32
		{9092C5CC-3E71-41B3-BF68-4A7BDD8A5476}.Release-StaticMFC|Win32.ActiveCfg = Release|Win32
		{9092C5CC-3E71-41B3-BF68-4A7BDD8A5476}.Release-StaticMFC|Win32.Build.0 = Release|Win32
		{9092C5CC-3E71-41B3-BF68-4A7BDD8A5476}.Release-StaticMFC|x64.ActiveCfg = Release|x64
		{9092C5CC-3E71-41B3-BF68-4A7BDD8A5476}.Release-StaticMFC|x64.Build.0 = Release|x64
		{9092C5CC-3E71-41B3-BF68-4A7BDD8A5476}.Release-StaticMFC|x86.ActiveCfg = Release|Win32
		{9092C5CC-3E71-41B3-BF68-4A7BDD8A5476}.Release-StaticMFC|x86.Build.0 = Release|Win32
		{9092C5CC-3E71-41B3-BF68-4A7BDD8A5476}.RelWithDebInfo|Win32.ActiveCfg = Release|Win32
		{9092C5CC-3E71-41B3-BF68-4A7BDD8A5476}.RelWithDebInfo|Win32.Build.0 = Release|Win32
		{9092C5CC-3E71-41B3-BF68-4A7BDD8A5476}.RelWithDebInfo|x64.ActiveCfg = Release|x64
		{9092C5CC-3E71-41B3-BF68-4A7BDD8A5476}.RelWithDebInfo|x64.Build.0 = Release|x64
		{9092C5CC-3E71-41B3-BF68-4A7BDD8A5476}.RelWithDebInfo|x86.ActiveCfg = Release|Win32
		{9092C5CC-3E71-41B3-BF68-4A7BDD8A5476}.RelWithDebInfo|x86.Build.0 = Release|Win32
		{E665FBC8-E9F2-34F1-BD0F-7CE58FB4A358}.Debug|Win32.ActiveCfg = Debug|x64
		{E665FBC8-E9F2-34F1-BD0F-7CE58FB4A358}.Debug|x64.ActiveCfg = Debug|x64
		{E665FBC8-E9F2-34F1-BD0F-7CE58FB4A358}.Debug|x64.Build.0 = Debug|x64
		{E665FBC8-E9F2-34F1-BD0F-7CE58FB4A358}.Debug|x86.ActiveCfg = Debug|Win32
		{E665FBC8-E9F2-34F1-BD0F-7CE58FB4A358}.DebugMulti|Win32.ActiveCfg = MinSizeRel|x64
		{E665FBC8-E9F2-34F1-BD0F-7CE58FB4A358}.DebugMulti|Win32.Build.0 = MinSizeRel|x64
		{E665FBC8-E9F2-34F1-BD0F-7CE58FB4A358}.DebugMulti|x64.ActiveCfg = Debug|x64
		{E665FBC8-E9F2-34F1-BD0F-7CE58FB4A358}.DebugMulti|x64.Build.0 = Debug|x64
		{E665FBC8-E9F2-34F1-BD0F-7CE58FB4A358}.DebugMulti|x86.ActiveCfg = MinSizeRel|x64
		{E665FBC8-E9F2-34F1-BD0F-7CE58FB4A358}.DebugMulti|x86.Build.0 = MinSizeRel|x64
		{E665FBC8-E9F2-34F1-BD0F-7CE58FB4A358}.MinSizeRel|Win32.ActiveCfg = MinSizeRel|x64
		{E665FBC8-E9F2-34F1-BD0F-7CE58FB4A358}.MinSizeRel|x64.ActiveCfg = MinSizeRel|x64
		{E665FBC8-E9F2-34F1-BD0F-7CE58FB4A358}.MinSizeRel|x64.Build.0 = MinSizeRel|x64
		{E665FBC8-E9F2-34F1-BD0F-7CE58FB4A358}.MinSizeRel|x86.ActiveCfg = MinSizeRel|x64
		{E665FBC8-E9F2-34F1-BD0F-7CE58FB4A358}.Release|Win32.ActiveCfg = Release|x64
		{E665FBC8-E9F2-34F1-BD0F-7CE58FB4A358}.Release|x64.ActiveCfg = Release|x64
		{E665FBC8-E9F2-34F1-BD0F-7CE58FB4A358}.Release|x64.Build.0 = Release|x64
		{E665FBC8-E9F2-34F1-BD0F-7CE58FB4A358}.Release|x86.ActiveCfg = Release|x64
		{E665FBC8-E9F2-34F1-BD0F-7CE58FB4A358}.ReleaseMulti|Win32.ActiveCfg = MinSizeRel|x64
		{E665FBC8-E9F2-34F1-BD0F-7CE58FB4A358}.ReleaseMulti|Win32.Build.0 = MinSizeRel|x64
		{E665FBC8-E9F2-34F1-BD0F-7CE58FB4A358}.ReleaseMulti|x64.ActiveCfg = Release|x64
		{E665FBC8-E9F2-34F1-BD0F-7CE58FB4A358}.ReleaseMulti|x64.Build.0 = Release|x64
		{E665FBC8-E9F2-34F1-BD0F-7CE58FB4A358}.ReleaseMulti|x86.ActiveCfg = MinSizeRel|x64
		{E665FBC8-E9F2-34F1-BD0F-7CE58FB4A358}.ReleaseMulti|x86.Build.0 = MinSizeRel|x64
		{E665FBC8-E9F2-34F1-BD0F-7CE58FB4A358}.Release-StaticMFC|Win32.ActiveCfg = MinSizeRel|x64
		{E665FBC8-E9F2-34F1-BD0F-7CE58FB4A358}.Release-StaticMFC|Win32.Build.0 = MinSizeRel|x64
		{E665FBC8-E9F2-34F1-BD0F-7CE58FB4A358}.Release-StaticMFC|x64.ActiveCfg = Release|x64
		{E665FBC8-E9F2-34F1-BD0F-7CE58FB4A358}.Release-StaticMFC|x64.Build.0 = Release|x64
		{E665FBC8-E9F2-34F1-BD0F-7CE58FB4A358}.Release-StaticMFC|x86.ActiveCfg = MinSizeRel|x64
		{E665FBC8-E9F2-34F1-BD0F-7CE58FB4A358}.Release-StaticMFC|x86.Build.0 = MinSizeRel|x64
		{E665FBC8-E9F2-34F1-BD0F-7CE58FB4A358}.RelWithDebInfo|Win32.ActiveCfg = RelWithDebInfo|x64
		{E665FBC8-E9F2-34F1-BD0F-7CE58FB4A358}.RelWithDebInfo|x64.ActiveCfg = RelWithDebInfo|x64
		{E665FBC8-E9F2-34F1-BD0F-7CE58FB4A358}.RelWithDebInfo|x64.Build.0 = RelWithDebInfo|x64
		{E665FBC8-E9F2-34F1-BD0F-7CE58FB4A358}.RelWithDebInfo|x86.ActiveCfg = RelWithDebInfo|x64
		{60B3775D-C754-39F6-A460-8BF344B42E38}.Debug|Win32.ActiveCfg = Debug|x64
		{60B3775D-C754-39F6-A460-8BF344B42E38}.Debug|x64.ActiveCfg = Debug|x64
		{60B3775D-C754-39F6-A460-8BF344B42E38}.Debug|x64.Build.0 = Debug|x64
		{60B3775D-C754-39F6-A460-8BF344B42E38}.Debug|x86.ActiveCfg = Debug|Win32
		{60B3775D-C754-39F6-A460-8BF344B42E38}.DebugMulti|Win32.ActiveCfg = MinSizeRel|x64
		{60B3775D-C754-39F6-A460-8BF344B42E38}.DebugMulti|Win32.Build.0 = MinSizeRel|x64
		{60B3775D-C754-39F6-A460-8BF344B42E38}.DebugMulti|x64.ActiveCfg = Debug|x64
		{60B3775D-C754-39F6-A460-8BF344B42E38}.DebugMulti|x64.Build.0 = Debug|x64
		{60B3775D-C754-39F6-A460-8BF344B42E38}.DebugMulti|x86.ActiveCfg = MinSizeRel|x64
		{60B3775D-C754-39F6-A460-8BF344B42E38}.DebugMulti|x86.Build.0 = MinSizeRel|x64
		{60B3775D-C754-39F6-A460-8BF344B42E38}.MinSizeRel|Win32.ActiveCfg = MinSizeRel|x64
		{60B3775D-C754-39F6-A460-8BF344B42E38}.MinSizeRel|x64.ActiveCfg = MinSizeRel|x64
		{60B3775D-C754-39F6-A460-8BF344B42E38}.MinSizeRel|x64.Build.0 = MinSizeRel|x64
		{60B3775D-C754-39F6-A460-8BF344B42E38}.MinSizeRel|x86.ActiveCfg = MinSizeRel|x64
		{60B3775D-C754-39F6-A460-8BF344B42E38}.Release|Win32.ActiveCfg = Release|x64
		{60B3775D-C754-39F6-A460-8BF344B42E38}.Release|x64.ActiveCfg = Release|x64
		{60B3775D-C754-39F6-A460-8BF344B42E38}.Release|x64.Build.0 = Release|x64
		{60B3775D-C754-39F6-A460-8BF344B42E38}.Release|x86.ActiveCfg = Release|x64
		{60B3775D-C754-39F6-A460-8BF344B42E38}.ReleaseMulti|Win32.ActiveCfg = MinSizeRel|x64
		{60B3775D-C754-39F6-A460-8BF344B42E38}.ReleaseMulti|Win32.Build.0 = MinSizeRel|x64
		{60B3775D-C754-39F6-A460-8BF344B42E38}.ReleaseMulti|x64.ActiveCfg = Release|x64
		{60B3775D-C754-39F6-A460-8BF344B42E38}.ReleaseMulti|x64.Build.0 = Release|x64
		{60B3775D-C754-39F6-A460-8BF344B42E38}.ReleaseMulti|x86.ActiveCfg = MinSizeRel|x64
		{60B3775D-C754-39F6-A460-8BF344B42E38}.ReleaseMulti|x86.Build.0 = MinSizeRel|x64
		{60B3775D-C754-39F6-A460-8BF344B42E38}.Release-StaticMFC|Win32.ActiveCfg = MinSizeRel|x64
		{60B3775D-C754-39F6-A460-8BF344B42E38}.Release-StaticMFC|Win32.Build.0 = MinSizeRel|x64
		{60B3775D-C754-39F6-A460-8BF344B42E38}.Release-StaticMFC|x64.ActiveCfg = Release|x64
		{60B3775D-C754-39F6-A460-8BF344B42E38}.Release-StaticMFC|x64.Build.0 = Release|x64
		{60B3775D-C754-39F6-A460-8BF344B42E38}.Release-StaticMFC|x86.ActiveCfg = MinSizeRel|x64
		{60B3775D-C754-39F6-A460-8BF344B42E38}.Release-StaticMFC|x86.Build.0 = MinSizeRel|x64
		{60B3775D-C754-39F6-A460-8BF344B42E38}.RelWithDebInfo|Win32.ActiveCfg = RelWithDebInfo|x64
		{60B3775D-C754-39F6-A460-8BF344B42E38}.RelWithDebInfo|x64.ActiveCfg = RelWithDebInfo|x64
		{60B3775D-C754-39F6-A460-8BF344B42E38}.RelWithDebInfo|x64.Build.0 = RelWithDebInfo|x64
		{60B3775D-C754-39F6-A460-8BF344B42E38}.RelWithDebInfo|x86.ActiveCfg = RelWithDebInfo|x64
		{6FC76CE8-C1BE-4756-8EE0-FD449D325FE8}.Debug|Win32.ActiveCfg = Debug|Win32
		{6FC76CE8-C1BE-4756-8EE0-FD449D325FE8}.Debug|Win32.Build.0 = Debug|Win32
		{6FC76CE8-C1BE-4756-8EE0-FD449D325FE8}.Debug|x64.ActiveCfg = Debug|x64
		{6FC76CE8-C1BE-4756-8EE0-FD449D325FE8}.Debug|x64.Build.0 = Debug|x64
		{6FC76CE8-C1BE-4756-8EE0-FD449D325FE8}.Debug|x86.ActiveCfg = Debug|Win32
		{6FC76CE8-C1BE-4756-8EE0-FD449D325FE8}.Debug|x86.Build.0 = Debug|Win32
		{6FC76CE8-C1BE-4756-8EE0-FD449D325FE8}.DebugMulti|Win32.ActiveCfg = Debug|Win32
		{6FC76CE8-C1BE-4756-8EE0-FD449D325FE8}.DebugMulti|Win32.Build.0 = Debug|Win32
		{6FC76CE8-C1BE-4756-8EE0-FD449D325FE8}.DebugMulti|x64.ActiveCfg = Debug|x64
		{6FC76CE8-C1BE-4756-8EE0-FD449D325FE8}.DebugMulti|x64.Build.0 = Debug|x64
		{6FC76CE8-C1BE-4756-8EE0-FD449D325FE8}.DebugMulti|x86.ActiveCfg = Debug|Win32
		{6FC76CE8-C1BE-4756-8EE0-FD449D325FE8}.DebugMulti|x86.Build.0 = Debug|Win32
		{6FC76CE8-C1BE-4756-8EE0-FD449D325FE8}.MinSizeRel|Win32.ActiveCfg = Release|Win32
		{6FC76CE8-C1BE-4756-8EE0-FD449D325FE8}.MinSizeRel|Win32.Build.0 = Release|Win32
		{6FC76CE8-C1BE-4756-8EE0-FD449D325FE8}.MinSizeRel|x64.ActiveCfg = Release|x64
		{6FC76CE8-C1BE-4756-8EE0-FD449D325FE8}.MinSizeRel|x64.Build.0 = Release|x64
		{6FC76CE8-C1BE-4756-8EE0-FD449D325FE8}.MinSizeRel|x86.ActiveCfg = Release|Win32
		{6FC76CE8-C1BE-4756-8EE0-FD449D325FE8}.MinSizeRel|x86.Build.0 = Release|Win32
		{6FC76CE8-C1BE-4756-8EE0-FD449D325FE8}.Release|Win32.ActiveCfg = Release|Win32
		{6FC76CE8-C1BE-4756-8EE0-FD449D325FE8}.Release|Win32.Build.0 = Release|Win32
		{6FC76CE8-C1BE-4756-8EE0-FD449D325FE8}.Release|x64.ActiveCfg = Release|x64
		{6FC76CE8-C1BE-4756-8EE0-FD449D325FE8}.Release|x64.Build.0 = Release|x64
		{6FC76CE8-C1BE-4756-8EE0-FD449D325FE8}.Release|x86.ActiveCfg = Release|Win32
		{6FC76CE8-C1BE-4756-8EE0-FD449D325FE8}.Release|x86.Build.0 = Release|Win32
		{6FC76CE8-C1BE-4756-8EE0-FD449D325FE8}.ReleaseMulti|Win32.ActiveCfg = Release|Win32
		{6FC76CE8-C1BE-4756-8EE0-FD449D325FE8}.ReleaseMulti|Win32.Build.0 = Release|Win32
		{6FC76CE8-C1BE-4756-8EE0-FD449D325FE8}.ReleaseMulti|x64.ActiveCfg = Release|x64
		{6FC76CE8-C1BE-4756-8EE0-FD449D325FE8}.ReleaseMulti|x64.Build.0 = Release|x64
		{6FC76CE8-C1BE-4756-8EE0-FD449D325FE8}.ReleaseMulti|x86.ActiveCfg = Release|Win32
		{6FC76CE8-C1BE-4756-8EE0-FD449D325FE8}.ReleaseMulti|x86.Build.0 = Release|Win32
		{6FC76CE8-C1BE-4756-8EE0-FD449D325FE8}.Release-StaticMFC|Win32.ActiveCfg = Release|Win32
		{6FC76CE8-C1BE-4756-8EE0-FD449D325FE8}.Release-StaticMFC|Win32.Build.0 = Release|Win32
		{6FC76CE8-C1BE-4756-8EE0-FD449D325FE8}.Release-StaticMFC|x64.ActiveCfg = Release|x64
		{6FC76CE8-C1BE-4756-8EE0-FD449D325FE8}.Release-StaticMFC|x64.Build.0 = Release|x64
		{6FC76CE8-C1BE-4756-8EE0-FD449D325FE8}.Release-StaticMFC|x86.ActiveCfg = Release|Win32
		{6FC76CE8-C1BE-4756-8EE0-FD449D325FE8}.Release-StaticMFC|x86.Build.0 = Release|Win32
		{6FC76CE8-C1BE-4756-8EE0-FD449D325FE8}.RelWithDebInfo|Win32.ActiveCfg = Release|Win32
		{6FC76CE8-C1BE-4756-8EE0-FD449D325FE8}.RelWithDebInfo|Win32.Build.0 = Release|Win32
		{6FC76CE8-C1BE-4756-8EE0-FD449D325FE8}.RelWithDebInfo|x64.ActiveCfg = Release|x64
		{6FC76CE8-C1BE-4756-8EE0-FD449D325FE8}.RelWithDebInfo|x64.Build.0 = Release|x64
		{6FC76CE8-C1BE-4756-8EE0-FD449D325FE8}.RelWithDebInfo|x86.ActiveCfg = Release|Win32
		{6FC76CE8-C1BE-4756-8EE0-FD449D325FE8}.RelWithDebInfo|x86.Build.0 = Release|Win32
		{77549991-7983-42C6-B179-098CB8814BE3}.Debug|Win32.ActiveCfg = Debug|Win32
		{77549991-7983-42C6-B179-098CB8814BE3}.Debug|Win32.Build.0 = Debug|Win32
		{77549991-7983-42C6-B179-098CB8814BE3}.Debug|x64.ActiveCfg = Debug|x64
		{77549991-7983-42C6-B179-098CB8814BE3}.Debug|x64.Build.0 = Debug|x64
		{77549991-7983-42C6-B179-098CB8814BE3}.Debug|x86.ActiveCfg = Debug|Win32
		{77549991-7983-42C6-B179-098CB8814BE3}.Debug|x86.Build.0 = Debug|Win32
		{77549991-7983-42C6-B179-098CB8814BE3}.DebugMulti|Win32.ActiveCfg = Debug|Win32
		{77549991-7983-42C6-B179-098CB8814BE3}.DebugMulti|Win32.Build.0 = Debug|Win32
		{77549991-7983-42C6-B179-098CB8814BE3}.DebugMulti|x64.ActiveCfg = Debug|x64
		{77549991-7983-42C6-B179-098CB8814BE3}.DebugMulti|x64.Build.0 = Debug|x64
		{77549991-7983-42C6-B179-098CB8814BE3}.DebugMulti|x86.ActiveCfg = Debug|Win32
		{77549991-7983-42C6-B179-098CB8814BE3}.DebugMulti|x86.Build.0 = Debug|Win32
		{77549991-7983-42C6-B179-098CB8814BE3}.MinSizeRel|Win32.ActiveCfg = Debug|Win32
		{77549991-7983-42C6-B179-098CB8814BE3}.MinSizeRel|Win32.Build.0 = Debug|Win32
		{77549991-7983-42C6-B179-098CB8814BE3}.MinSizeRel|x64.ActiveCfg = Debug|x64
		{77549991-7983-42C6-B179-098CB8814BE3}.MinSizeRel|x64.Build.0 = Debug|x64
		{77549991-7983-42C6-B179-098CB8814BE3}.MinSizeRel|x86.ActiveCfg = Debug|Win32
		{77549991-7983-42C6-B179-098CB8814BE3}.MinSizeRel|x86.Build.0 = Debug|Win32
		{77549991-7983-42C6-B179-098CB8814BE3}.Release|Win32.ActiveCfg = Release|Win32
		{77549991-7983-42C6-B179-098CB8814BE3}.Release|Win32.Build.0 = Release|Win32
		{77549991-7983-42C6-B179-098CB8814BE3}.Release|x64.ActiveCfg = Release|x64
		{77549991-7983-42C6-B179-098CB8814BE3}.Release|x64.Build.0 = Release|x64
		{77549991-7983-42C6-B179-098CB8814BE3}.Release|x86.ActiveCfg = Release|Win32
		{77549991-7983-42C6-B179-098CB8814BE3}.Release|x86.Build.0 = Release|Win32
		{77549991-7983-42C6-B179-098CB8814BE3}.ReleaseMulti|Win32.ActiveCfg = Release|Win32
		{77549991-7983-42C6-B179-098CB8814BE3}.ReleaseMulti|Win32.Build.0 = Release|Win32
		{77549991-7983-42C6-B179-098CB8814BE3}.ReleaseMulti|x64.ActiveCfg = Release|x64
		{77549991-7983-42C6-B179-098CB8814BE3}.ReleaseMulti|x64.Build.0 = Release|x64
		{77549991-7983-42C6-B179-098CB8814BE3}.ReleaseMulti|x86.ActiveCfg = Release|Win32
		{77549991-7983-42C6-B179-098CB8814BE3}.ReleaseMulti|x86.Build.0 = Release|Win32
		{77549991-7983-42C6-B179-098CB8814BE3}.Release-StaticMFC|Win32.ActiveCfg = Release|Win32
		{77549991-7983-42C6-B179-098CB8814BE3}.Release-StaticMFC|Win32.Build.0 = Release|Win32
		{77549991-7983-42C6-B179-098CB8814BE3}.Release-StaticMFC|x64.ActiveCfg = Release|x64
		{77549991-7983-42C6-B179-098CB8814BE3}.Release-StaticMFC|x64.Build.0 = Release|x64
		{77549991-7983-42C6-B179-098CB8814BE3}.Release-StaticMFC|x86.ActiveCfg = Release|Win32
		{77549991-7983-42C6-B179-098CB8814BE3}.Release-StaticMFC|x86.Build.0 = Release|Win32
		{77549991-7983-42C6-B179-098CB8814BE3}.RelWithDebInfo|Win32.ActiveCfg = Release|Win32
		{77549991-7983-42C6-B179-098CB8814BE3}.RelWithDebInfo|Win32.Build.0 = Release|Win32
		{77549991-7983-42C6-B179-098CB8814BE3}.RelWithDebInfo|x64.ActiveCfg = Release|x64
		{77549991-7983-42C6-B179-098CB8814BE3}.RelWithDebInfo|x64.Build.0 = Release|x64
		{77549991-7983-42C6-B179-098CB8814BE3}.RelWithDebInfo|x86.ActiveCfg = Release|Win32
		{77549991-7983-42C6-B179-098CB8814BE3}.RelWithDebInfo|x86.Build.0 = Release|Win32
	EndGlobalSection
	GlobalSection(SolutionProperties) = preSolution
		HideSolutionNode = FALSE
	EndGlobalSection
	GlobalSection(NestedProjects) = preSolution
		{9092C5CC-3E71-41B3-BF68-4A7BDD8A5476} = {2147BD68-E7A4-468E-B782-73EAD68F7B09}
		{E665FBC8-E9F2-34F1-BD0F-7CE58FB4A358} = {2147BD68-E7A4-468E-B782-73EAD68F7B09}
		{60B3775D-C754-39F6-A460-8BF344B42E38} = {2147BD68-E7A4-468E-B782-73EAD68F7B09}
		{6FC76CE8-C1BE-4756-8EE0-FD449D325FE8} = {2147BD68-E7A4-468E-B782-73EAD68F7B09}
	EndGlobalSection
	GlobalSection(ExtensibilityGlobals) = postSolution
		SolutionGuid = {79395FD3-C386-47F4-8A3D-D086C524B71D}
	EndGlobalSection
EndGlobal
